
Microsoft Visual Studio Solution File, Format Version 12.00
# Visual Studio Version 17
VisualStudioVersion = 17.6.33723.286
MinimumVisualStudioVersion = 10.0.40219.1
Project("{9A19103F-16F7-4668-BE54-9A1E7A4F7556}") = "ProMe.Silo", "ProMe.Silo\ProMe.Silo.csproj", "{CC4E5687-F05B-4786-857C-466438153516}"
EndProject
Project("{9A19103F-16F7-4668-BE54-9A1E7A4F7556}") = "ProMe.GrainInterfaces", "ProMe.GrainInterfaces\ProMe.GrainInterfaces.csproj", "{603DE4E3-2E27-4A69-927F-6E60025B9ECD}"
EndProject
Project("{9A19103F-16F7-4668-BE54-9A1E7A4F7556}") = "ProMe.Grains", "ProMe.Grains\ProMe.Grains.csproj", "{065414FC-FACE-4DC9-83D9-3F40D64BFC02}"
EndProject
Project("{2150E333-8FDC-42A3-9474-1A3956D46DE8}") = "Silo", "Silo", "{CF2500CA-9811-4EC4-86CE-5A7830934368}"
EndProject
Project("{9A19103F-16F7-4668-BE54-9A1E7A4F7556}") = "ProMe.DataAccess", "ProMe.DataAccess\ProMe.DataAccess.csproj", "{DC7739BC-0312-4A6E-8094-0E0CF3A96455}"
EndProject
Project("{9A19103F-16F7-4668-BE54-9A1E7A4F7556}") = "ProMe.Api", "ProMe.Api\ProMe.Api.csproj", "{EDADC564-16BB-4012-A4A1-92DAE158F0DE}"
EndProject
Project("{9A19103F-16F7-4668-BE54-9A1E7A4F7556}") = "ProMe.Workflow", "ProMe.Workflow\ProMe.Workflow.csproj", "{7F7A2E0B-C5F4-49E5-8B52-1A20969A5199}"
EndProject
Project("{9A19103F-16F7-4668-BE54-9A1E7A4F7556}") = "ProMe.ApiContracts", "ProMe.ApiContracts\ProMe.ApiContracts.csproj", "{2F1DB480-1671-446C-94E9-42A71955154A}"
EndProject
Project("{2150E333-8FDC-42A3-9474-1A3956D46DE8}") = "Api", "Api", "{9A1F5B60-0821-41B2-A6CF-28863D877358}"
EndProject
Project("{9A19103F-16F7-4668-BE54-9A1E7A4F7556}") = "ProMe.Abstractions", "ProMe.Abstractions\ProMe.Abstractions.csproj", "{AD267ECD-8576-4D4C-982B-D2B25BA1DC0B}"
EndProject
Project("{9A19103F-16F7-4668-BE54-9A1E7A4F7556}") = "ProMe.Models", "ProMe.Models\ProMe.Models.csproj", "{33B4B992-5C14-4CC4-9556-87D7F7F94D73}"
EndProject
Project("{9A19103F-16F7-4668-BE54-9A1E7A4F7556}") = "ProMe.NativeApplication", "ProMe.NativeApplication\ProMe.NativeApplication.csproj", "{BE0B3FFC-7F24-45FC-A4EF-5C351410E245}"
EndProject
Global
	GlobalSection(SolutionConfigurationPlatforms) = preSolution
		Debug|Any CPU = Debug|Any CPU
		Release|Any CPU = Release|Any CPU
	EndGlobalSection
	GlobalSection(ProjectConfigurationPlatforms) = postSolution
		{CC4E5687-F05B-4786-857C-466438153516}.Debug|Any CPU.ActiveCfg = Debug|Any CPU
		{CC4E5687-F05B-4786-857C-466438153516}.Debug|Any CPU.Build.0 = Debug|Any CPU
		{CC4E5687-F05B-4786-857C-466438153516}.Release|Any CPU.ActiveCfg = Release|Any CPU
		{CC4E5687-F05B-4786-857C-466438153516}.Release|Any CPU.Build.0 = Release|Any CPU
		{603DE4E3-2E27-4A69-927F-6E60025B9ECD}.Debug|Any CPU.ActiveCfg = Debug|Any CPU
		{603DE4E3-2E27-4A69-927F-6E60025B9ECD}.Debug|Any CPU.Build.0 = Debug|Any CPU
		{603DE4E3-2E27-4A69-927F-6E60025B9ECD}.Release|Any CPU.ActiveCfg = Release|Any CPU
		{603DE4E3-2E27-4A69-927F-6E60025B9ECD}.Release|Any CPU.Build.0 = Release|Any CPU
		{065414FC-FACE-4DC9-83D9-3F40D64BFC02}.Debug|Any CPU.ActiveCfg = Debug|Any CPU
		{065414FC-FACE-4DC9-83D9-3F40D64BFC02}.Debug|Any CPU.Build.0 = Debug|Any CPU
		{065414FC-FACE-4DC9-83D9-3F40D64BFC02}.Release|Any CPU.ActiveCfg = Release|Any CPU
		{065414FC-FACE-4DC9-83D9-3F40D64BFC02}.Release|Any CPU.Build.0 = Release|Any CPU
		{DC7739BC-0312-4A6E-8094-0E0CF3A96455}.Debug|Any CPU.ActiveCfg = Debug|Any CPU
		{DC7739BC-0312-4A6E-8094-0E0CF3A96455}.Debug|Any CPU.Build.0 = Debug|Any CPU
		{DC7739BC-0312-4A6E-8094-0E0CF3A96455}.Release|Any CPU.ActiveCfg = Release|Any CPU
		{DC7739BC-0312-4A6E-8094-0E0CF3A96455}.Release|Any CPU.Build.0 = Release|Any CPU
		{EDADC564-16BB-4012-A4A1-92DAE158F0DE}.Debug|Any CPU.ActiveCfg = Debug|Any CPU
		{EDADC564-16BB-4012-A4A1-92DAE158F0DE}.Debug|Any CPU.Build.0 = Debug|Any CPU
		{EDADC564-16BB-4012-A4A1-92DAE158F0DE}.Release|Any CPU.ActiveCfg = Release|Any CPU
		{EDADC564-16BB-4012-A4A1-92DAE158F0DE}.Release|Any CPU.Build.0 = Release|Any CPU
		{7F7A2E0B-C5F4-49E5-8B52-1A20969A5199}.Debug|Any CPU.ActiveCfg = Debug|Any CPU
		{7F7A2E0B-C5F4-49E5-8B52-1A20969A5199}.Debug|Any CPU.Build.0 = Debug|Any CPU
		{7F7A2E0B-C5F4-49E5-8B52-1A20969A5199}.Release|Any CPU.ActiveCfg = Release|Any CPU
		{7F7A2E0B-C5F4-49E5-8B52-1A20969A5199}.Release|Any CPU.Build.0 = Release|Any CPU
		{2F1DB480-1671-446C-94E9-42A71955154A}.Debug|Any CPU.ActiveCfg = Debug|Any CPU
		{2F1DB480-1671-446C-94E9-42A71955154A}.Debug|Any CPU.Build.0 = Debug|Any CPU
		{2F1DB480-1671-446C-94E9-42A71955154A}.Release|Any CPU.ActiveCfg = Release|Any CPU
		{2F1DB480-1671-446C-94E9-42A71955154A}.Release|Any CPU.Build.0 = Release|Any CPU
		{AD267ECD-8576-4D4C-982B-D2B25BA1DC0B}.Debug|Any CPU.ActiveCfg = Debug|Any CPU
		{AD267ECD-8576-4D4C-982B-D2B25BA1DC0B}.Debug|Any CPU.Build.0 = Debug|Any CPU
		{AD267ECD-8576-4D4C-982B-D2B25BA1DC0B}.Release|Any CPU.ActiveCfg = Release|Any CPU
		{AD267ECD-8576-4D4C-982B-D2B25BA1DC0B}.Release|Any CPU.Build.0 = Release|Any CPU
		{33B4B992-5C14-4CC4-9556-87D7F7F94D73}.Debug|Any CPU.ActiveCfg = Debug|Any CPU
		{33B4B992-5C14-4CC4-9556-87D7F7F94D73}.Debug|Any CPU.Build.0 = Debug|Any CPU
		{33B4B992-5C14-4CC4-9556-87D7F7F94D73}.Release|Any CPU.ActiveCfg = Release|Any CPU
		{33B4B992-5C14-4CC4-9556-87D7F7F94D73}.Release|Any CPU.Build.0 = Release|Any CPU
		{BE0B3FFC-7F24-45FC-A4EF-5C351410E245}.Debug|Any CPU.ActiveCfg = Debug|Any CPU
		{BE0B3FFC-7F24-45FC-A4EF-5C351410E245}.Debug|Any CPU.Build.0 = Debug|Any CPU
		{BE0B3FFC-7F24-45FC-A4EF-5C351410E245}.Debug|Any CPU.Deploy.0 = Debug|Any CPU
		{BE0B3FFC-7F24-45FC-A4EF-5C351410E245}.Release|Any CPU.ActiveCfg = Release|Any CPU
		{BE0B3FFC-7F24-45FC-A4EF-5C351410E245}.Release|Any CPU.Build.0 = Release|Any CPU
		{BE0B3FFC-7F24-45FC-A4EF-5C351410E245}.Release|Any CPU.Deploy.0 = Release|Any CPU
	EndGlobalSection
	GlobalSection(SolutionProperties) = preSolution
		HideSolutionNode = FALSE
	EndGlobalSection
	GlobalSection(NestedProjects) = preSolution
		{CC4E5687-F05B-4786-857C-466438153516} = {CF2500CA-9811-4EC4-86CE-5A7830934368}
		{603DE4E3-2E27-4A69-927F-6E60025B9ECD} = {CF2500CA-9811-4EC4-86CE-5A7830934368}
		{065414FC-FACE-4DC9-83D9-3F40D64BFC02} = {CF2500CA-9811-4EC4-86CE-5A7830934368}
		{DC7739BC-0312-4A6E-8094-0E0CF3A96455} = {9A1F5B60-0821-41B2-A6CF-28863D877358}
		{EDADC564-16BB-4012-A4A1-92DAE158F0DE} = {9A1F5B60-0821-41B2-A6CF-28863D877358}
		{7F7A2E0B-C5F4-49E5-8B52-1A20969A5199} = {9A1F5B60-0821-41B2-A6CF-28863D877358}
		{2F1DB480-1671-446C-94E9-42A71955154A} = {9A1F5B60-0821-41B2-A6CF-28863D877358}
		{AD267ECD-8576-4D4C-982B-D2B25BA1DC0B} = {9A1F5B60-0821-41B2-A6CF-28863D877358}
		{33B4B992-5C14-4CC4-9556-87D7F7F94D73} = {9A1F5B60-0821-41B2-A6CF-28863D877358}
	EndGlobalSection
	GlobalSection(ExtensibilityGlobals) = postSolution
		SolutionGuid = {9AC62FE3-5BA8-46FF-9F8B-6875FC2E1163}
	EndGlobalSection
EndGlobal
